
Microsoft Visual Studio Solution File, Format Version 12.00
# Visual Studio Version 17
VisualStudioVersion = 17.9.34616.47
MinimumVisualStudioVersion = 10.0.40219.1
Project("{E7030678-BC41-4CF2-A5B5-689FE29BEB9D}") = "DiscordRaider", "DiscordRaider.csproj", "{99788C9C-2777-4B16-A732-A1487F3DEB81}"
EndProject
Global
	GlobalSection(SolutionConfigurationPlatforms) = preSolution
		Debug|Any CPU = Debug|Any CPU
		Release|Any CPU = Release|Any CPU
	EndGlobalSection
	GlobalSection(ProjectConfigurationPlatforms) = postSolution
		{99788C9C-2777-4B16-A732-A1487F3DEB81}.Debug|Any CPU.ActiveCfg = Debug|Any CPU
		{99788C9C-2777-4B16-A732-A1487F3DEB81}.Debug|Any CPU.Build.0 = Debug|Any CPU
		{99788C9C-2777-4B16-A732-A1487F3DEB81}.Release|Any CPU.ActiveCfg = Release|Any CPU
		{99788C9C-2777-4B16-A732-A1487F3DEB81}.Release|Any CPU.Build.0 = Release|Any CPU
	EndGlobalSection
	GlobalSection(SolutionProperties) = preSolution
		HideSolutionNode = FALSE
	EndGlobalSection
	GlobalSection(ExtensibilityGlobals) = postSolution
		SolutionGuid = {3F1CF075-389B-47F5-8209-BBAC57BB4A95}
	EndGlobalSection
EndGlobal
